{
  "version": 4,
  "terraform_version": "1.2.1",
  "serial": 77,
  "lineage": "cb99d32b-f28f-c250-9852-ec034cd30c6a",
  "outputs": {},
  "resources": [
    {
      "module": "module.azure_snowflake_lariat_installation[0]",
      "mode": "managed",
      "type": "azurerm_resource_group",
      "name": "lariat_resource_group",
      "provider": "provider[\"registry.terraform.io/hashicorp/azurerm\"]",
      "instances": [
        {
          "schema_version": 0,
          "attributes": {
            "id": "/subscriptions/5a3eed93-869c-4f98-8ff4-42f5cae9eecc/resourceGroups/lariat-resource-group",
            "location": "centralus",
            "name": "lariat-resource-group",
            "tags": {},
            "timeouts": null
          },
          "sensitive_attributes": [],
          "private": "eyJlMmJmYjczMC1lY2FhLTExZTYtOGY4OC0zNDM2M2JjN2M0YzAiOnsiY3JlYXRlIjo1NDAwMDAwMDAwMDAwLCJkZWxldGUiOjU0MDAwMDAwMDAwMDAsInJlYWQiOjMwMDAwMDAwMDAwMCwidXBkYXRlIjo1NDAwMDAwMDAwMDAwfX0="
        }
      ]
    }
  ]
}
