{
  "version": 4,
  "terraform_version": "1.3.3",
  "serial": 1053,
  "lineage": "cb99d32b-f28f-c250-9852-ec034cd30c6a",
  "outputs": {
    "lariat_snowflake_user_password": {
      "value": "YUqBb#W#xAYc5UUm",
      "type": "string",
      "sensitive": true
    }
  },
  "resources": [
    {
      "mode": "managed",
      "type": "random_id",
      "name": "meta_db",
      "provider": "provider[\"registry.terraform.io/hashicorp/random\"]",
      "instances": [
        {
          "schema_version": 0,
          "attributes": {
            "b64_std": "xQY=",
            "b64_url": "xQY",
            "byte_length": 2,
            "dec": "50438",
            "hex": "c506",
            "id": "xQY",
            "keepers": null,
            "prefix": null
          },
          "sensitive_attributes": []
        }
      ]
    },
    {
      "mode": "managed",
      "type": "random_id",
      "name": "role",
      "provider": "provider[\"registry.terraform.io/hashicorp/random\"]",
      "instances": [
        {
          "schema_version": 0,
          "attributes": {
            "b64_std": "zQc=",
            "b64_url": "zQc",
            "byte_length": 2,
            "dec": "52487",
            "hex": "cd07",
            "id": "zQc",
            "keepers": null,
            "prefix": null
          },
          "sensitive_attributes": []
        }
      ]
    },
    {
      "mode": "managed",
      "type": "random_id",
      "name": "user",
      "provider": "provider[\"registry.terraform.io/hashicorp/random\"]",
      "instances": [
        {
          "schema_version": 0,
          "attributes": {
            "b64_std": "UjU=",
            "b64_url": "UjU",
            "byte_length": 2,
            "dec": "21045",
            "hex": "5235",
            "id": "UjU",
            "keepers": null,
            "prefix": null
          },
          "sensitive_attributes": []
        }
      ]
    },
    {
      "mode": "managed",
      "type": "random_id",
      "name": "warehouse",
      "provider": "provider[\"registry.terraform.io/hashicorp/random\"]",
      "instances": [
        {
          "schema_version": 0,
          "attributes": {
            "b64_std": "QdI=",
            "b64_url": "QdI",
            "byte_length": 2,
            "dec": "16850",
            "hex": "41d2",
            "id": "QdI",
            "keepers": null,
            "prefix": null
          },
          "sensitive_attributes": []
        }
      ]
    },
    {
      "mode": "managed",
      "type": "random_password",
      "name": "lariat_snowflake_user_password",
      "provider": "provider[\"registry.terraform.io/hashicorp/random\"]",
      "instances": [
        {
          "schema_version": 3,
          "attributes": {
            "bcrypt_hash": "$2a$10$90A/.4P8p785EozKBgoHUueAtm.1v/C9qbMv0fV9PJQvSVTWpg0U2",
            "id": "none",
            "keepers": null,
            "length": 16,
            "lower": true,
            "min_lower": 0,
            "min_numeric": 0,
            "min_special": 0,
            "min_upper": 0,
            "number": true,
            "numeric": true,
            "override_special": "!#$%\u0026*()-_=+[]{}\u003c\u003e:?",
            "result": "YUqBb#W#xAYc5UUm",
            "special": true,
            "upper": true
          },
          "sensitive_attributes": []
        }
      ]
    },
    {
      "mode": "managed",
      "type": "snowflake_database",
      "name": "lariat_meta_database",
      "provider": "provider[\"registry.terraform.io/snowflake-labs/snowflake\"]",
      "instances": [
        {
          "schema_version": 0,
          "attributes": {
            "comment": "",
            "data_retention_time_in_days": 1,
            "from_database": null,
            "from_replica": null,
            "from_share": null,
            "id": "lariat_meta_db_c506",
            "is_transient": false,
            "name": "lariat_meta_db_c506",
            "replication_configuration": [],
            "tag": []
          },
          "sensitive_attributes": [],
          "private": "bnVsbA==",
          "dependencies": [
            "random_id.meta_db"
          ]
        }
      ]
    },
    {
      "mode": "managed",
      "type": "snowflake_database_grant",
      "name": "lariat_meta_db_grant",
      "provider": "provider[\"registry.terraform.io/snowflake-labs/snowflake\"]",
      "instances": [
        {
          "schema_version": 0,
          "attributes": {
            "database_name": "lariat_meta_db_c506",
            "enable_multiple_grants": false,
            "id": "lariat_meta_db_c506|||USAGE|lariat_snowflake_role_cd07|false",
            "privilege": "USAGE",
            "roles": [
              "lariat_snowflake_role_cd07"
            ],
            "shares": null,
            "with_grant_option": false
          },
          "sensitive_attributes": [],
          "private": "bnVsbA==",
          "dependencies": [
            "random_id.meta_db",
            "random_id.role",
            "snowflake_database.lariat_meta_database",
            "snowflake_role.lariat_snowflake_role"
          ]
        }
      ]
    },
    {
      "mode": "managed",
      "type": "snowflake_role",
      "name": "lariat_snowflake_role",
      "provider": "provider[\"registry.terraform.io/snowflake-labs/snowflake\"]",
      "instances": [
        {
          "schema_version": 0,
          "attributes": {
            "comment": "role for running lariat monitoring queries",
            "id": "lariat_snowflake_role_cd07",
            "name": "lariat_snowflake_role_cd07",
            "tag": []
          },
          "sensitive_attributes": [],
          "private": "bnVsbA==",
          "dependencies": [
            "random_id.role"
          ]
        }
      ]
    },
    {
      "mode": "managed",
      "type": "snowflake_role_grants",
      "name": "lariat_snowflake_grants",
      "provider": "provider[\"registry.terraform.io/snowflake-labs/snowflake\"]",
      "instances": [
        {
          "schema_version": 0,
          "attributes": {
            "enable_multiple_grants": false,
            "id": "lariat_snowflake_role_cd07|||||false",
            "role_name": "lariat_snowflake_role_cd07",
            "roles": null,
            "users": [
              "lariat_snowflake_user_5235"
            ]
          },
          "sensitive_attributes": [],
          "private": "bnVsbA==",
          "dependencies": [
            "random_id.role",
            "random_id.user",
            "random_id.warehouse",
            "random_password.lariat_snowflake_user_password",
            "snowflake_role.lariat_snowflake_role",
            "snowflake_user.lariat_snowflake_user",
            "snowflake_warehouse.lariat_snowflake_warehouse"
          ]
        }
      ]
    },
    {
      "mode": "managed",
      "type": "snowflake_schema",
      "name": "lariat_meta_db_schema",
      "provider": "provider[\"registry.terraform.io/snowflake-labs/snowflake\"]",
      "instances": [
        {
          "schema_version": 0,
          "attributes": {
            "comment": "",
            "data_retention_days": 1,
            "database": "lariat_meta_db_c506",
            "id": "lariat_meta_db_c506|lariat",
            "is_managed": false,
            "is_transient": false,
            "name": "lariat",
            "tag": []
          },
          "sensitive_attributes": [],
          "private": "bnVsbA==",
          "dependencies": [
            "random_id.meta_db",
            "snowflake_database.lariat_meta_database"
          ]
        }
      ]
    },
    {
      "mode": "managed",
      "type": "snowflake_schema_grant",
      "name": "lariat_meta_schema_grant",
      "provider": "provider[\"registry.terraform.io/snowflake-labs/snowflake\"]",
      "instances": [
        {
          "schema_version": 0,
          "attributes": {
            "database_name": "lariat_meta_db_c506",
            "enable_multiple_grants": false,
            "id": "lariat_meta_db_c506|lariat||USAGE|lariat_snowflake_role_cd07|false",
            "on_future": false,
            "privilege": "USAGE",
            "roles": [
              "lariat_snowflake_role_cd07"
            ],
            "schema_name": "lariat",
            "shares": null,
            "with_grant_option": false
          },
          "sensitive_attributes": [],
          "private": "bnVsbA==",
          "dependencies": [
            "random_id.meta_db",
            "random_id.role",
            "snowflake_database.lariat_meta_database",
            "snowflake_role.lariat_snowflake_role",
            "snowflake_schema.lariat_meta_db_schema"
          ]
        }
      ]
    },
    {
      "mode": "managed",
      "type": "snowflake_user",
      "name": "lariat_snowflake_user",
      "provider": "provider[\"registry.terraform.io/snowflake-labs/snowflake\"]",
      "instances": [
        {
          "schema_version": 0,
          "attributes": {
            "comment": "user for running lariat monitoring queries",
            "default_namespace": "",
            "default_role": "lariat_snowflake_role_cd07",
            "default_secondary_roles": null,
            "default_warehouse": "lariat_snowflake_warehouse_41d2",
            "disabled": false,
            "display_name": "lariat_snowflake_user_5235",
            "email": "",
            "first_name": "",
            "has_rsa_public_key": false,
            "id": "lariat_snowflake_user_5235",
            "last_name": "",
            "login_name": "LARIAT_SNOWFLAKE_USER_5235",
            "must_change_password": null,
            "name": "lariat_snowflake_user_5235",
            "password": "YUqBb#W#xAYc5UUm",
            "rsa_public_key": null,
            "rsa_public_key_2": null,
            "tag": []
          },
          "sensitive_attributes": [
            [
              {
                "type": "get_attr",
                "value": "password"
              }
            ]
          ],
          "private": "bnVsbA==",
          "dependencies": [
            "random_id.role",
            "random_id.user",
            "random_id.warehouse",
            "random_password.lariat_snowflake_user_password",
            "snowflake_role.lariat_snowflake_role",
            "snowflake_warehouse.lariat_snowflake_warehouse"
          ]
        }
      ]
    },
    {
      "mode": "managed",
      "type": "snowflake_warehouse",
      "name": "lariat_snowflake_warehouse",
      "provider": "provider[\"registry.terraform.io/snowflake-labs/snowflake\"]",
      "instances": [
        {
          "schema_version": 0,
          "attributes": {
            "auto_resume": true,
            "auto_suspend": 60,
            "comment": "warehouse for running lariat monitoring queries",
            "id": "lariat_snowflake_warehouse_41d2",
            "initially_suspended": true,
            "max_cluster_count": 0,
            "max_concurrency_level": 8,
            "min_cluster_count": 0,
            "name": "lariat_snowflake_warehouse_41d2",
            "resource_monitor": "null",
            "scaling_policy": "",
            "statement_queued_timeout_in_seconds": 0,
            "statement_timeout_in_seconds": 172800,
            "tag": [],
            "wait_for_provisioning": null,
            "warehouse_size": "X-Small"
          },
          "sensitive_attributes": [],
          "private": "bnVsbA==",
          "dependencies": [
            "random_id.warehouse"
          ]
        }
      ]
    },
    {
      "mode": "managed",
      "type": "snowflake_warehouse_grant",
      "name": "lariat_snowflake_warehouse_grant_monitor",
      "provider": "provider[\"registry.terraform.io/snowflake-labs/snowflake\"]",
      "instances": [
        {
          "schema_version": 0,
          "attributes": {
            "enable_multiple_grants": false,
            "id": "lariat_snowflake_warehouse_41d2|||MONITOR|lariat_snowflake_role_cd07|false",
            "privilege": "MONITOR",
            "roles": [
              "lariat_snowflake_role_cd07"
            ],
            "warehouse_name": "lariat_snowflake_warehouse_41d2",
            "with_grant_option": false
          },
          "sensitive_attributes": [],
          "private": "bnVsbA==",
          "dependencies": [
            "random_id.role",
            "random_id.warehouse",
            "snowflake_role.lariat_snowflake_role",
            "snowflake_warehouse.lariat_snowflake_warehouse"
          ]
        }
      ]
    },
    {
      "mode": "managed",
      "type": "snowflake_warehouse_grant",
      "name": "lariat_snowflake_warehouse_grant_operate",
      "provider": "provider[\"registry.terraform.io/snowflake-labs/snowflake\"]",
      "instances": [
        {
          "schema_version": 0,
          "attributes": {
            "enable_multiple_grants": false,
            "id": "lariat_snowflake_warehouse_41d2|||OPERATE|lariat_snowflake_role_cd07|false",
            "privilege": "OPERATE",
            "roles": [
              "lariat_snowflake_role_cd07"
            ],
            "warehouse_name": "lariat_snowflake_warehouse_41d2",
            "with_grant_option": false
          },
          "sensitive_attributes": [],
          "private": "bnVsbA==",
          "dependencies": [
            "random_id.role",
            "random_id.warehouse",
            "snowflake_role.lariat_snowflake_role",
            "snowflake_warehouse.lariat_snowflake_warehouse"
          ]
        }
      ]
    },
    {
      "mode": "managed",
      "type": "snowflake_warehouse_grant",
      "name": "lariat_snowflake_warehouse_grant_usage",
      "provider": "provider[\"registry.terraform.io/snowflake-labs/snowflake\"]",
      "instances": [
        {
          "schema_version": 0,
          "attributes": {
            "enable_multiple_grants": false,
            "id": "lariat_snowflake_warehouse_41d2|||USAGE|lariat_snowflake_role_cd07|false",
            "privilege": "USAGE",
            "roles": [
              "lariat_snowflake_role_cd07"
            ],
            "warehouse_name": "lariat_snowflake_warehouse_41d2",
            "with_grant_option": false
          },
          "sensitive_attributes": [],
          "private": "bnVsbA==",
          "dependencies": [
            "random_id.role",
            "random_id.warehouse",
            "snowflake_role.lariat_snowflake_role",
            "snowflake_warehouse.lariat_snowflake_warehouse"
          ]
        }
      ]
    },
    {
      "mode": "managed",
      "type": "snowsql_exec",
      "name": "lariat_read_only_grants",
      "provider": "provider[\"registry.terraform.io/aidanmelen/snowsql\"]",
      "instances": [
        {
          "index_key": "LARIAT_SNOWFLAKE_TEST",
          "schema_version": 0,
          "attributes": {
            "create": [
              {
                "number_of_statements": -1,
                "statements": "GRANT USAGE ON DATABASE LARIAT_SNOWFLAKE_TEST TO ROLE \"lariat_snowflake_role_cd07\";\nGRANT USAGE ON ALL SCHEMAS IN DATABASE LARIAT_SNOWFLAKE_TEST TO ROLE \"lariat_snowflake_role_cd07\";\nGRANT SELECT ON ALL TABLES IN DATABASE LARIAT_SNOWFLAKE_TEST TO ROLE \"lariat_snowflake_role_cd07\";\nGRANT SELECT ON FUTURE TABLES IN DATABASE LARIAT_SNOWFLAKE_TEST TO ROLE \"lariat_snowflake_role_cd07\";\n"
              }
            ],
            "delete": [
              {
                "number_of_statements": -1,
                "statements": "REVOKE USAGE ON DATABASE LARIAT_SNOWFLAKE_TEST FROM ROLE \"lariat_snowflake_role_cd07\";\nREVOKE USAGE ON ALL SCHEMAS IN DATABASE LARIAT_SNOWFLAKE_TEST FROM ROLE \"lariat_snowflake_role_cd07\";\nREVOKE ALL PRIVILEGES ON ALL TABLES IN DATABASE LARIAT_SNOWFLAKE_TEST FROM ROLE \"lariat_snowflake_role_cd07\";\nREVOKE ALL PRIVILEGES ON FUTURE TABLES IN DATABASE LARIAT_SNOWFLAKE_TEST FROM ROLE \"lariat_snowflake_role_cd07\";\n"
              }
            ],
            "id": "lariat-read-only-grants-LARIAT_SNOWFLAKE_TEST",
            "name": "lariat-read-only-grants-LARIAT_SNOWFLAKE_TEST"
          },
          "sensitive_attributes": [],
          "private": "bnVsbA==",
          "dependencies": [
            "random_id.role",
            "random_id.user",
            "random_id.warehouse",
            "random_password.lariat_snowflake_user_password",
            "snowflake_role.lariat_snowflake_role",
            "snowflake_role_grants.lariat_snowflake_grants",
            "snowflake_user.lariat_snowflake_user",
            "snowflake_warehouse.lariat_snowflake_warehouse"
          ]
        }
      ]
    },
    {
      "mode": "managed",
      "type": "snowsql_exec",
      "name": "lariat_snowflake_sketch_udf_create",
      "provider": "provider[\"registry.terraform.io/aidanmelen/snowsql\"]",
      "instances": [
        {
          "schema_version": 0,
          "attributes": {
            "create": [
              {
                "number_of_statements": -1,
                "statements": "USE DATABASE \"lariat_meta_db_c506\";\nUSE SCHEMA \"lariat\";\ncreate or replace function hllpp_count_strings_sketch(x string)\nreturns table(sketch binary)\nlanguage java\nimports = ('@lariat_stage/agent-udfs-0.1-SNAPSHOT-jar-with-dependencies.jar')\nhandler='com.lariat.agentudfs.HLPPCountStringsSketch';\ncreate or replace function hll_merge(x array)\nreturns binary\nlanguage java\nimports = ('@lariat_stage/agent-udfs-0.1-SNAPSHOT-jar-with-dependencies.jar')\nhandler='com.lariat.agentudfs.HLPPMerge.merge';\nGRANT USAGE ON FUNCTION hllpp_count_strings_sketch(string) TO ROLE \"lariat_snowflake_role_cd07\";\nGRANT USAGE ON FUNCTION hll_merge(array) TO ROLE \"lariat_snowflake_role_cd07\";\n"
              }
            ],
            "delete": [
              {
                "number_of_statements": -1,
                "statements": "USE DATABASE \"lariat_meta_db_c506\";\nUSE SCHEMA \"lariat\";\nDROP FUNCTION IF EXISTS hllpp_count_strings_sketch(string);\nDROP FUNCTION IF EXISTS hll_merge(array);\n"
              }
            ],
            "id": "lariat-snowflake-sketch-udf-function",
            "name": "lariat-snowflake-sketch-udf-function"
          },
          "sensitive_attributes": [],
          "private": "bnVsbA==",
          "dependencies": [
            "random_id.meta_db",
            "random_id.role",
            "snowflake_database.lariat_meta_database",
            "snowflake_role.lariat_snowflake_role",
            "snowflake_schema.lariat_meta_db_schema",
            "snowsql_exec.lariat_snowflake_sketch_udf_import",
            "snowsql_exec.lariat_snowflake_stage"
          ]
        }
      ]
    },
    {
      "mode": "managed",
      "type": "snowsql_exec",
      "name": "lariat_snowflake_sketch_udf_import",
      "provider": "provider[\"registry.terraform.io/aidanmelen/snowsql\"]",
      "instances": [
        {
          "schema_version": 0,
          "attributes": {
            "create": [
              {
                "number_of_statements": -1,
                "statements": "put 'file:///Users/aadityatalwai/workspace/terraform-lariat-snowflake-agent/artifacts/java/agent-udfs-0.1-SNAPSHOT-jar-with-dependencies.jar' @\"lariat_meta_db_c506\".\"lariat\".lariat_stage auto_compress=false OVERWRITE=true;\n"
              }
            ],
            "delete": [
              {
                "number_of_statements": -1,
                "statements": "USE DATABASE \"lariat_meta_db_c506\";\nUSE SCHEMA \"lariat\";\nrm @lariat_stage pattern='.*agent-udfs-0.1-SNAPSHOT-jar-with-dependencies.jar.*';\n"
              }
            ],
            "id": "lariat-snowflake-sketch-udf-import",
            "name": "lariat-snowflake-sketch-udf-import"
          },
          "sensitive_attributes": [],
          "private": "bnVsbA==",
          "dependencies": [
            "random_id.meta_db",
            "random_id.role",
            "snowflake_database.lariat_meta_database",
            "snowflake_role.lariat_snowflake_role",
            "snowflake_schema.lariat_meta_db_schema",
            "snowsql_exec.lariat_snowflake_stage"
          ]
        }
      ]
    },
    {
      "mode": "managed",
      "type": "snowsql_exec",
      "name": "lariat_snowflake_stage",
      "provider": "provider[\"registry.terraform.io/aidanmelen/snowsql\"]",
      "instances": [
        {
          "schema_version": 0,
          "attributes": {
            "create": [
              {
                "number_of_statements": -1,
                "statements": "USE DATABASE \"lariat_meta_db_c506\";\nUSE SCHEMA \"lariat\";\nCREATE OR REPLACE STAGE lariat_stage;\n\nGRANT READ ON STAGE lariat_stage TO ROLE \"lariat_snowflake_role_cd07\";\n"
              }
            ],
            "delete": [
              {
                "number_of_statements": -1,
                "statements": "USE DATABASE \"lariat_meta_db_c506\";\nUSE SCHEMA \"lariat\";\nDROP STAGE IF EXISTS lariat_stage;\n"
              }
            ],
            "id": "lariat-snowflake-stage",
            "name": "lariat-snowflake-stage"
          },
          "sensitive_attributes": [],
          "private": "bnVsbA==",
          "dependencies": [
            "random_id.meta_db",
            "random_id.role",
            "snowflake_database.lariat_meta_database",
            "snowflake_role.lariat_snowflake_role",
            "snowflake_schema.lariat_meta_db_schema"
          ]
        }
      ]
    },
    {
      "module": "module.azure_snowflake_lariat_installation[0]",
      "mode": "data",
      "type": "azurerm_resource_group",
      "name": "lariat_resource_group",
      "provider": "provider[\"registry.terraform.io/hashicorp/azurerm\"]",
      "instances": [
        {
          "schema_version": 0,
          "attributes": {
            "id": "/subscriptions/f99816e6-32a8-4d79-94a2-6566f97022f9/resourceGroups/lariat-resource-group",
            "location": "eastus2",
            "name": "lariat-resource-group",
            "tags": {},
            "timeouts": null
          },
          "sensitive_attributes": []
        }
      ]
    },
    {
      "module": "module.azure_snowflake_lariat_installation[0]",
      "mode": "managed",
      "type": "azurerm_application_insights",
      "name": "lariat_application_insights",
      "provider": "provider[\"registry.terraform.io/hashicorp/azurerm\"]",
      "instances": [
        {
          "schema_version": 1,
          "attributes": {
            "app_id": "acfc65af-1c24-4b63-ac19-9f389458b1bf",
            "application_type": "web",
            "connection_string": "InstrumentationKey=b25c59fa-6c8e-430b-a6ce-ab47d7d44c69;IngestionEndpoint=https://eastus2-0.in.applicationinsights.azure.com/;LiveEndpoint=https://eastus2.livediagnostics.monitor.azure.com/",
            "daily_data_cap_in_gb": 100,
            "daily_data_cap_notifications_disabled": false,
            "disable_ip_masking": false,
            "force_customer_storage_for_profiler": false,
            "id": "/subscriptions/f99816e6-32a8-4d79-94a2-6566f97022f9/resourceGroups/lariat-resource-group/providers/Microsoft.Insights/components/lariat-monitoring-appinsights",
            "instrumentation_key": "b25c59fa-6c8e-430b-a6ce-ab47d7d44c69",
            "internet_ingestion_enabled": true,
            "internet_query_enabled": true,
            "local_authentication_disabled": false,
            "location": "eastus2",
            "name": "lariat-monitoring-appinsights",
            "resource_group_name": "lariat-resource-group",
            "retention_in_days": 90,
            "sampling_percentage": 100,
            "tags": null,
            "timeouts": null,
            "workspace_id": null
          },
          "sensitive_attributes": [],
          "private": "eyJlMmJmYjczMC1lY2FhLTExZTYtOGY4OC0zNDM2M2JjN2M0YzAiOnsiY3JlYXRlIjozNjAwMDAwMDAwMDAwLCJkZWxldGUiOjE4MDAwMDAwMDAwMDAsInJlYWQiOjMwMDAwMDAwMDAwMCwidXBkYXRlIjoxODAwMDAwMDAwMDAwfSwic2NoZW1hX3ZlcnNpb24iOiIxIn0=",
          "dependencies": [
            "module.azure_snowflake_lariat_installation.data.azurerm_resource_group.lariat_resource_group"
          ]
        }
      ]
    },
    {
      "module": "module.azure_snowflake_lariat_installation[0]",
      "mode": "managed",
      "type": "azurerm_linux_function_app",
      "name": "example",
      "provider": "provider[\"registry.terraform.io/hashicorp/azurerm\"]",
      "instances": [
        {
          "schema_version": 0,
          "attributes": {
            "app_settings": {
              "AZURE_STORAGE_CONNECTION_STRING": "DefaultEndpointsProtocol=https;BlobEndpoint=https://lariatstorageaccount.blob.core.windows.net/;AccountName=lariatstorageaccount;AccountKey=GZtXy8kZnYCk2YsaghK98nQoNcCe6BOJKTZkHd5JHWIw24P+NGRnxXrJABIHPPmMbnBVBMWVY2y2+ASty85TOQ==",
              "AZURE_STORAGE_CONTAINER": "lariat-storage-container",
              "CLOUD_AGENT_CONFIG_PATH": "lariat_snowflake_agent_config.yaml",
              "LARIAT_API_KEY": "c09d154ba4d3adcba1164c24ee2036ac",
              "LARIAT_APPLICATION_KEY": "d549565e8f1a714b2f52c35239200f4d",
              "LARIAT_ENDPOINT": "http://ingest.lariatdata.com/api",
              "LARIAT_META_DB": "lariat_meta_db_c506",
              "LARIAT_META_SCHEMA": "lariat",
              "LARIAT_OUTPUT_BUCKET": "lariat-batch-agent-sink",
              "SNOWFLAKE_ACCOUNT": "CL46984.us-east-2.aws",
              "SNOWFLAKE_PASSWORD": "YUqBb#W#xAYc5UUm",
              "SNOWFLAKE_USER": "lariat_snowflake_user_5235",
              "SNOWFLAKE_WAREHOUSE": "lariat_snowflake_warehouse_41d2",
              "WEBSITES_ENABLE_APP_SERVICE_STORAGE": "false"
            },
            "auth_settings": [
              {
                "active_directory": [],
                "additional_login_parameters": {},
                "allowed_external_redirect_urls": [],
                "default_provider": "",
                "enabled": false,
                "facebook": [],
                "github": [],
                "google": [],
                "issuer": "",
                "microsoft": [],
                "runtime_version": "",
                "token_refresh_extension_hours": 0,
                "token_store_enabled": false,
                "twitter": [],
                "unauthenticated_client_action": ""
              }
            ],
            "backup": [],
            "builtin_logging_enabled": true,
            "client_certificate_enabled": false,
            "client_certificate_exclusion_paths": "",
            "client_certificate_mode": "Optional",
            "connection_string": [],
            "content_share_force_disabled": false,
            "custom_domain_verification_id": "778FAD9EB6F6C09AE8C5477B91638BEC1E8E0CBC78215C6E706D7898934E0132",
            "daily_memory_time_quota": 0,
            "default_hostname": "lariat-monitoring-linux-function.azurewebsites.net",
            "enabled": true,
            "functions_extension_version": "~4",
            "https_only": false,
            "id": "/subscriptions/f99816e6-32a8-4d79-94a2-6566f97022f9/resourceGroups/lariat-resource-group/providers/Microsoft.Web/sites/lariat-monitoring-linux-function",
            "identity": [],
            "key_vault_reference_identity_id": "SystemAssigned",
            "kind": "functionapp,linux,container",
            "location": "eastus2",
            "name": "lariat-monitoring-linux-function",
            "outbound_ip_address_list": [
              "20.75.70.156",
              "20.190.208.139",
              "20.96.66.59",
              "20.186.83.16",
              "40.70.161.81",
              "40.70.161.184",
              "20.119.144.8"
            ],
            "outbound_ip_addresses": "20.75.70.156,20.190.208.139,20.96.66.59,20.186.83.16,40.70.161.81,40.70.161.184,20.119.144.8",
            "possible_outbound_ip_address_list": [
              "20.75.70.156",
              "20.190.208.139",
              "20.96.66.59",
              "20.186.83.16",
              "40.70.161.81",
              "40.70.161.184",
              "40.70.162.5",
              "40.70.162.156",
              "40.70.162.206",
              "40.70.164.22",
              "40.70.164.188",
              "40.70.164.237",
              "40.70.165.64",
              "52.138.123.250",
              "52.138.124.103",
              "52.138.127.228",
              "52.138.127.235",
              "52.138.127.241",
              "20.186.84.84",
              "52.138.127.254",
              "52.167.72.161",
              "52.167.72.163",
              "52.167.74.86",
              "52.167.74.91",
              "20.119.144.8"
            ],
            "possible_outbound_ip_addresses": "20.75.70.156,20.190.208.139,20.96.66.59,20.186.83.16,40.70.161.81,40.70.161.184,40.70.162.5,40.70.162.156,40.70.162.206,40.70.164.22,40.70.164.188,40.70.164.237,40.70.165.64,52.138.123.250,52.138.124.103,52.138.127.228,52.138.127.235,52.138.127.241,20.186.84.84,52.138.127.254,52.167.72.161,52.167.72.163,52.167.74.86,52.167.74.91,20.119.144.8",
            "resource_group_name": "lariat-resource-group",
            "service_plan_id": "/subscriptions/f99816e6-32a8-4d79-94a2-6566f97022f9/resourceGroups/lariat-resource-group/providers/Microsoft.Web/serverfarms/lariat-app-service-plan",
            "site_config": [
              {
                "always_on": true,
                "api_definition_url": "",
                "api_management_api_id": "",
                "app_command_line": "",
                "app_scale_limit": 0,
                "app_service_logs": [
                  {
                    "disk_quota_mb": 35,
                    "retention_period_days": 0
                  }
                ],
                "application_insights_connection_string": "InstrumentationKey=b25c59fa-6c8e-430b-a6ce-ab47d7d44c69;IngestionEndpoint=https://eastus2-0.in.applicationinsights.azure.com/;LiveEndpoint=https://eastus2.livediagnostics.monitor.azure.com/",
                "application_insights_key": "b25c59fa-6c8e-430b-a6ce-ab47d7d44c69",
                "application_stack": [
                  {
                    "docker": [
                      {
                        "image_name": "vikaslariat/lariat-snowflake-azure",
                        "image_tag": "latest",
                        "registry_password": "lariatsnowflake",
                        "registry_url": "docker.io",
                        "registry_username": "vikaslariat"
                      }
                    ],
                    "dotnet_version": "",
                    "java_version": "",
                    "node_version": "",
                    "powershell_core_version": "",
                    "python_version": "",
                    "use_custom_runtime": false,
                    "use_dotnet_isolated_runtime": false
                  }
                ],
                "container_registry_managed_identity_client_id": "",
                "container_registry_use_managed_identity": false,
                "cors": [],
                "default_documents": [
                  "Default.htm",
                  "Default.html",
                  "Default.asp",
                  "index.htm",
                  "index.html",
                  "iisstart.htm",
                  "default.aspx",
                  "index.php"
                ],
                "detailed_error_logging_enabled": false,
                "elastic_instance_minimum": 0,
                "ftps_state": "Disabled",
                "health_check_eviction_time_in_min": 0,
                "health_check_path": "",
                "http2_enabled": false,
                "ip_restriction": [],
                "linux_fx_version": "DOCKER|docker.io/vikaslariat/lariat-snowflake-azure:latest",
                "load_balancing_mode": "LeastRequests",
                "managed_pipeline_mode": "Integrated",
                "minimum_tls_version": "1.2",
                "pre_warmed_instance_count": 0,
                "remote_debugging_enabled": false,
                "remote_debugging_version": "",
                "runtime_scale_monitoring_enabled": false,
                "scm_ip_restriction": [],
                "scm_minimum_tls_version": "1.2",
                "scm_type": "None",
                "scm_use_main_ip_restriction": false,
                "use_32_bit_worker": false,
                "vnet_route_all_enabled": false,
                "websockets_enabled": false,
                "worker_count": 1
              }
            ],
            "site_credential": [
              {
                "name": "$lariat-monitoring-linux-function",
                "password": "PC7r5HiBth5yZddenqoacFxrid6j3fhnfaXR2t4gELWuqbuWtsDYHdmfdkD6"
              }
            ],
            "sticky_settings": [],
            "storage_account_access_key": "GZtXy8kZnYCk2YsaghK98nQoNcCe6BOJKTZkHd5JHWIw24P+NGRnxXrJABIHPPmMbnBVBMWVY2y2+ASty85TOQ==",
            "storage_account_name": "lariatstorageaccount",
            "storage_key_vault_secret_id": "",
            "storage_uses_managed_identity": false,
            "tags": null,
            "timeouts": null,
            "virtual_network_subnet_id": ""
          },
          "sensitive_attributes": [
            [
              {
                "type": "get_attr",
                "value": "app_settings"
              },
              {
                "type": "index",
                "value": {
                  "value": "AZURE_STORAGE_CONNECTION_STRING",
                  "type": "string"
                }
              }
            ],
            [
              {
                "type": "get_attr",
                "value": "app_settings"
              },
              {
                "type": "index",
                "value": {
                  "value": "SNOWFLAKE_PASSWORD",
                  "type": "string"
                }
              }
            ],
            [
              {
                "type": "get_attr",
                "value": "site_config"
              },
              {
                "type": "index",
                "value": {
                  "value": 0,
                  "type": "number"
                }
              },
              {
                "type": "get_attr",
                "value": "application_insights_connection_string"
              }
            ],
            [
              {
                "type": "get_attr",
                "value": "site_config"
              },
              {
                "type": "index",
                "value": {
                  "value": 0,
                  "type": "number"
                }
              },
              {
                "type": "get_attr",
                "value": "application_insights_key"
              }
            ],
            [
              {
                "type": "get_attr",
                "value": "storage_account_access_key"
              }
            ]
          ],
          "private": "eyJlMmJmYjczMC1lY2FhLTExZTYtOGY4OC0zNDM2M2JjN2M0YzAiOnsiY3JlYXRlIjoxODAwMDAwMDAwMDAwLCJkZWxldGUiOjE4MDAwMDAwMDAwMDAsInJlYWQiOjMwMDAwMDAwMDAwMCwidXBkYXRlIjoxODAwMDAwMDAwMDAwfX0=",
          "dependencies": [
            "module.azure_snowflake_lariat_installation.azurerm_application_insights.lariat_application_insights",
            "module.azure_snowflake_lariat_installation.azurerm_service_plan.lariat_app_service_plan",
            "module.azure_snowflake_lariat_installation.azurerm_storage_account.lariat_storage_account",
            "module.azure_snowflake_lariat_installation.azurerm_storage_blob.lariat_snowflake_agent_config",
            "module.azure_snowflake_lariat_installation.azurerm_storage_container.lariat_storage_container",
            "module.azure_snowflake_lariat_installation.data.azurerm_resource_group.lariat_resource_group",
            "random_id.meta_db",
            "random_id.role",
            "random_id.user",
            "random_id.warehouse",
            "random_password.lariat_snowflake_user_password",
            "snowflake_database.lariat_meta_database",
            "snowflake_role.lariat_snowflake_role",
            "snowflake_schema.lariat_meta_db_schema",
            "snowflake_user.lariat_snowflake_user",
            "snowflake_warehouse.lariat_snowflake_warehouse"
          ]
        }
      ]
    },
    {
      "module": "module.azure_snowflake_lariat_installation[0]",
      "mode": "managed",
      "type": "azurerm_logic_app_action_custom",
      "name": "lariat_indicator_query_action",
      "provider": "provider[\"registry.terraform.io/hashicorp/azurerm\"]",
      "instances": [
        {
          "schema_version": 0,
          "attributes": {
            "body": "{\"inputs\":{\"body\":{\"run_type\":\"batch_agent_query_dispatch\"},\"function\":{\"id\":\"/subscriptions/f99816e6-32a8-4d79-94a2-6566f97022f9/resourceGroups/lariat-resource-group/providers/Microsoft.Web/sites/lariat-monitoring-linux-function/functions/azure_snowflake_function\"}},\"runAfter\":{},\"type\":\"Function\"}",
            "id": "/subscriptions/f99816e6-32a8-4d79-94a2-6566f97022f9/resourceGroups/lariat-resource-group/providers/Microsoft.Logic/workflows/lariat-monitoring-workflow-indicator-query/actions/lariat-indicator-query-action",
            "logic_app_id": "/subscriptions/f99816e6-32a8-4d79-94a2-6566f97022f9/resourceGroups/lariat-resource-group/providers/Microsoft.Logic/workflows/lariat-monitoring-workflow-indicator-query",
            "name": "lariat-indicator-query-action",
            "timeouts": null
          },
          "sensitive_attributes": [],
          "private": "eyJlMmJmYjczMC1lY2FhLTExZTYtOGY4OC0zNDM2M2JjN2M0YzAiOnsiY3JlYXRlIjoxODAwMDAwMDAwMDAwLCJkZWxldGUiOjE4MDAwMDAwMDAwMDAsInJlYWQiOjMwMDAwMDAwMDAwMCwidXBkYXRlIjoxODAwMDAwMDAwMDAwfX0=",
          "dependencies": [
            "module.azure_snowflake_lariat_installation.azurerm_application_insights.lariat_application_insights",
            "module.azure_snowflake_lariat_installation.azurerm_linux_function_app.example",
            "module.azure_snowflake_lariat_installation.azurerm_logic_app_workflow.lariat_monitoring_workflow_indicator_query",
            "module.azure_snowflake_lariat_installation.azurerm_service_plan.lariat_app_service_plan",
            "module.azure_snowflake_lariat_installation.azurerm_storage_account.lariat_storage_account",
            "module.azure_snowflake_lariat_installation.azurerm_storage_blob.lariat_snowflake_agent_config",
            "module.azure_snowflake_lariat_installation.azurerm_storage_container.lariat_storage_container",
            "module.azure_snowflake_lariat_installation.data.azurerm_resource_group.lariat_resource_group",
            "random_id.meta_db",
            "random_id.role",
            "random_id.user",
            "random_id.warehouse",
            "random_password.lariat_snowflake_user_password",
            "snowflake_database.lariat_meta_database",
            "snowflake_role.lariat_snowflake_role",
            "snowflake_schema.lariat_meta_db_schema",
            "snowflake_user.lariat_snowflake_user",
            "snowflake_warehouse.lariat_snowflake_warehouse"
          ]
        }
      ]
    },
    {
      "module": "module.azure_snowflake_lariat_installation[0]",
      "mode": "managed",
      "type": "azurerm_logic_app_action_custom",
      "name": "lariat_raw_schema_action",
      "provider": "provider[\"registry.terraform.io/hashicorp/azurerm\"]",
      "instances": [
        {
          "schema_version": 0,
          "attributes": {
            "body": "{\"inputs\":{\"body\":{\"run_type\":\"raw_schema\"},\"function\":{\"id\":\"/subscriptions/f99816e6-32a8-4d79-94a2-6566f97022f9/resourceGroups/lariat-resource-group/providers/Microsoft.Web/sites/lariat-monitoring-linux-function/functions/azure_snowflake_function\"}},\"runAfter\":{},\"type\":\"Function\"}",
            "id": "/subscriptions/f99816e6-32a8-4d79-94a2-6566f97022f9/resourceGroups/lariat-resource-group/providers/Microsoft.Logic/workflows/lariat-monitoring-workflow-schema-pull/actions/lariat-raw-schema-action",
            "logic_app_id": "/subscriptions/f99816e6-32a8-4d79-94a2-6566f97022f9/resourceGroups/lariat-resource-group/providers/Microsoft.Logic/workflows/lariat-monitoring-workflow-schema-pull",
            "name": "lariat-raw-schema-action",
            "timeouts": null
          },
          "sensitive_attributes": [],
          "private": "eyJlMmJmYjczMC1lY2FhLTExZTYtOGY4OC0zNDM2M2JjN2M0YzAiOnsiY3JlYXRlIjoxODAwMDAwMDAwMDAwLCJkZWxldGUiOjE4MDAwMDAwMDAwMDAsInJlYWQiOjMwMDAwMDAwMDAwMCwidXBkYXRlIjoxODAwMDAwMDAwMDAwfX0=",
          "dependencies": [
            "module.azure_snowflake_lariat_installation.azurerm_application_insights.lariat_application_insights",
            "module.azure_snowflake_lariat_installation.azurerm_linux_function_app.example",
            "module.azure_snowflake_lariat_installation.azurerm_logic_app_workflow.lariat_monitoring_workflow_schema_pull",
            "module.azure_snowflake_lariat_installation.azurerm_service_plan.lariat_app_service_plan",
            "module.azure_snowflake_lariat_installation.azurerm_storage_account.lariat_storage_account",
            "module.azure_snowflake_lariat_installation.azurerm_storage_blob.lariat_snowflake_agent_config",
            "module.azure_snowflake_lariat_installation.azurerm_storage_container.lariat_storage_container",
            "module.azure_snowflake_lariat_installation.data.azurerm_resource_group.lariat_resource_group",
            "random_id.meta_db",
            "random_id.role",
            "random_id.user",
            "random_id.warehouse",
            "random_password.lariat_snowflake_user_password",
            "snowflake_database.lariat_meta_database",
            "snowflake_role.lariat_snowflake_role",
            "snowflake_schema.lariat_meta_db_schema",
            "snowflake_user.lariat_snowflake_user",
            "snowflake_warehouse.lariat_snowflake_warehouse"
          ]
        }
      ]
    },
    {
      "module": "module.azure_snowflake_lariat_installation[0]",
      "mode": "managed",
      "type": "azurerm_logic_app_trigger_recurrence",
      "name": "lariat_daily_indicator_query",
      "provider": "provider[\"registry.terraform.io/hashicorp/azurerm\"]",
      "instances": [
        {
          "schema_version": 0,
          "attributes": {
            "frequency": "Minute",
            "id": "/subscriptions/f99816e6-32a8-4d79-94a2-6566f97022f9/resourceGroups/lariat-resource-group/providers/Microsoft.Logic/workflows/lariat-monitoring-workflow-indicator-query/triggers/lariat-frequent-indicator-query",
            "interval": 5,
            "logic_app_id": "/subscriptions/f99816e6-32a8-4d79-94a2-6566f97022f9/resourceGroups/lariat-resource-group/providers/Microsoft.Logic/workflows/lariat-monitoring-workflow-indicator-query",
            "name": "lariat-frequent-indicator-query",
            "schedule": [],
            "start_time": null,
            "time_zone": null,
            "timeouts": null
          },
          "sensitive_attributes": [],
          "private": "eyJlMmJmYjczMC1lY2FhLTExZTYtOGY4OC0zNDM2M2JjN2M0YzAiOnsiY3JlYXRlIjoxODAwMDAwMDAwMDAwLCJkZWxldGUiOjE4MDAwMDAwMDAwMDAsInJlYWQiOjMwMDAwMDAwMDAwMCwidXBkYXRlIjoxODAwMDAwMDAwMDAwfX0=",
          "dependencies": [
            "module.azure_snowflake_lariat_installation.azurerm_logic_app_workflow.lariat_monitoring_workflow_indicator_query",
            "module.azure_snowflake_lariat_installation.data.azurerm_resource_group.lariat_resource_group"
          ]
        }
      ]
    },
    {
      "module": "module.azure_snowflake_lariat_installation[0]",
      "mode": "managed",
      "type": "azurerm_logic_app_trigger_recurrence",
      "name": "lariat_daily_schema_pull",
      "provider": "provider[\"registry.terraform.io/hashicorp/azurerm\"]",
      "instances": [
        {
          "schema_version": 0,
          "attributes": {
            "frequency": "Day",
            "id": "/subscriptions/f99816e6-32a8-4d79-94a2-6566f97022f9/resourceGroups/lariat-resource-group/providers/Microsoft.Logic/workflows/lariat-monitoring-workflow-schema-pull/triggers/lariat-daily-schema-pull",
            "interval": 1,
            "logic_app_id": "/subscriptions/f99816e6-32a8-4d79-94a2-6566f97022f9/resourceGroups/lariat-resource-group/providers/Microsoft.Logic/workflows/lariat-monitoring-workflow-schema-pull",
            "name": "lariat-daily-schema-pull",
            "schedule": [],
            "start_time": null,
            "time_zone": null,
            "timeouts": null
          },
          "sensitive_attributes": [],
          "private": "eyJlMmJmYjczMC1lY2FhLTExZTYtOGY4OC0zNDM2M2JjN2M0YzAiOnsiY3JlYXRlIjoxODAwMDAwMDAwMDAwLCJkZWxldGUiOjE4MDAwMDAwMDAwMDAsInJlYWQiOjMwMDAwMDAwMDAwMCwidXBkYXRlIjoxODAwMDAwMDAwMDAwfX0=",
          "dependencies": [
            "module.azure_snowflake_lariat_installation.azurerm_logic_app_workflow.lariat_monitoring_workflow_schema_pull",
            "module.azure_snowflake_lariat_installation.data.azurerm_resource_group.lariat_resource_group"
          ]
        }
      ]
    },
    {
      "module": "module.azure_snowflake_lariat_installation[0]",
      "mode": "managed",
      "type": "azurerm_logic_app_workflow",
      "name": "lariat_monitoring_workflow_indicator_query",
      "provider": "provider[\"registry.terraform.io/hashicorp/azurerm\"]",
      "instances": [
        {
          "schema_version": 0,
          "attributes": {
            "access_control": [],
            "access_endpoint": "https://prod-62.eastus2.logic.azure.com:443/workflows/3a263c2530cc4f2fa4378132700cd4e9",
            "connector_endpoint_ip_addresses": [],
            "connector_outbound_ip_addresses": [
              "52.225.129.144",
              "52.232.188.154",
              "104.209.247.23",
              "40.70.146.208/28",
              "40.70.151.96/27",
              "40.65.220.25",
              "20.98.192.80/28",
              "20.98.192.96/27",
              "20.85.81.137",
              "20.85.80.197"
            ],
            "enabled": true,
            "id": "/subscriptions/f99816e6-32a8-4d79-94a2-6566f97022f9/resourceGroups/lariat-resource-group/providers/Microsoft.Logic/workflows/lariat-monitoring-workflow-indicator-query",
            "identity": [],
            "integration_service_environment_id": "",
            "location": "eastus2",
            "logic_app_integration_account_id": "",
            "name": "lariat-monitoring-workflow-indicator-query",
            "parameters": null,
            "resource_group_name": "lariat-resource-group",
            "tags": null,
            "timeouts": null,
            "workflow_endpoint_ip_addresses": [
              "40.84.25.234",
              "40.79.44.7",
              "40.84.59.136",
              "40.70.27.253",
              "20.96.58.28",
              "20.96.89.98",
              "20.96.90.28"
            ],
            "workflow_outbound_ip_addresses": [
              "40.84.30.147",
              "104.208.155.200",
              "104.208.158.174",
              "104.208.140.40",
              "40.70.131.151",
              "40.70.29.214",
              "40.70.26.154",
              "40.70.27.236",
              "20.96.58.140",
              "20.96.58.139",
              "20.96.89.54",
              "20.96.89.48",
              "20.96.89.254",
              "20.96.89.234"
            ],
            "workflow_parameters": null,
            "workflow_schema": "https://schema.management.azure.com/providers/Microsoft.Logic/schemas/2016-06-01/workflowdefinition.json#",
            "workflow_version": "1.0.0.0"
          },
          "sensitive_attributes": [],
          "private": "eyJlMmJmYjczMC1lY2FhLTExZTYtOGY4OC0zNDM2M2JjN2M0YzAiOnsiY3JlYXRlIjoxODAwMDAwMDAwMDAwLCJkZWxldGUiOjE4MDAwMDAwMDAwMDAsInJlYWQiOjMwMDAwMDAwMDAwMCwidXBkYXRlIjoxODAwMDAwMDAwMDAwfX0=",
          "dependencies": [
            "module.azure_snowflake_lariat_installation.data.azurerm_resource_group.lariat_resource_group"
          ]
        }
      ]
    },
    {
      "module": "module.azure_snowflake_lariat_installation[0]",
      "mode": "managed",
      "type": "azurerm_logic_app_workflow",
      "name": "lariat_monitoring_workflow_schema_pull",
      "provider": "provider[\"registry.terraform.io/hashicorp/azurerm\"]",
      "instances": [
        {
          "schema_version": 0,
          "attributes": {
            "access_control": [],
            "access_endpoint": "https://prod-30.eastus2.logic.azure.com:443/workflows/f2bac29c431d4d079b8a0223dfa6b250",
            "connector_endpoint_ip_addresses": [],
            "connector_outbound_ip_addresses": [
              "52.225.129.144",
              "52.232.188.154",
              "104.209.247.23",
              "40.70.146.208/28",
              "40.70.151.96/27",
              "40.65.220.25",
              "20.98.192.80/28",
              "20.98.192.96/27",
              "20.85.81.137",
              "20.85.80.197"
            ],
            "enabled": true,
            "id": "/subscriptions/f99816e6-32a8-4d79-94a2-6566f97022f9/resourceGroups/lariat-resource-group/providers/Microsoft.Logic/workflows/lariat-monitoring-workflow-schema-pull",
            "identity": [],
            "integration_service_environment_id": "",
            "location": "eastus2",
            "logic_app_integration_account_id": "",
            "name": "lariat-monitoring-workflow-schema-pull",
            "parameters": null,
            "resource_group_name": "lariat-resource-group",
            "tags": null,
            "timeouts": null,
            "workflow_endpoint_ip_addresses": [
              "40.84.25.234",
              "40.79.44.7",
              "40.84.59.136",
              "40.70.27.253",
              "20.96.58.28",
              "20.96.89.98",
              "20.96.90.28"
            ],
            "workflow_outbound_ip_addresses": [
              "40.84.30.147",
              "104.208.155.200",
              "104.208.158.174",
              "104.208.140.40",
              "40.70.131.151",
              "40.70.29.214",
              "40.70.26.154",
              "40.70.27.236",
              "20.96.58.140",
              "20.96.58.139",
              "20.96.89.54",
              "20.96.89.48",
              "20.96.89.254",
              "20.96.89.234"
            ],
            "workflow_parameters": null,
            "workflow_schema": "https://schema.management.azure.com/providers/Microsoft.Logic/schemas/2016-06-01/workflowdefinition.json#",
            "workflow_version": "1.0.0.0"
          },
          "sensitive_attributes": [],
          "private": "eyJlMmJmYjczMC1lY2FhLTExZTYtOGY4OC0zNDM2M2JjN2M0YzAiOnsiY3JlYXRlIjoxODAwMDAwMDAwMDAwLCJkZWxldGUiOjE4MDAwMDAwMDAwMDAsInJlYWQiOjMwMDAwMDAwMDAwMCwidXBkYXRlIjoxODAwMDAwMDAwMDAwfX0=",
          "dependencies": [
            "module.azure_snowflake_lariat_installation.data.azurerm_resource_group.lariat_resource_group"
          ]
        }
      ]
    },
    {
      "module": "module.azure_snowflake_lariat_installation[0]",
      "mode": "managed",
      "type": "azurerm_service_plan",
      "name": "lariat_app_service_plan",
      "provider": "provider[\"registry.terraform.io/hashicorp/azurerm\"]",
      "instances": [
        {
          "schema_version": 0,
          "attributes": {
            "app_service_environment_id": "",
            "id": "/subscriptions/f99816e6-32a8-4d79-94a2-6566f97022f9/resourceGroups/lariat-resource-group/providers/Microsoft.Web/serverfarms/lariat-app-service-plan",
            "kind": "linux",
            "location": "eastus2",
            "maximum_elastic_worker_count": 1,
            "name": "lariat-app-service-plan",
            "os_type": "Linux",
            "per_site_scaling_enabled": false,
            "reserved": true,
            "resource_group_name": "lariat-resource-group",
            "sku_name": "B1",
            "tags": null,
            "timeouts": null,
            "worker_count": 1,
            "zone_balancing_enabled": false
          },
          "sensitive_attributes": [],
          "private": "eyJlMmJmYjczMC1lY2FhLTExZTYtOGY4OC0zNDM2M2JjN2M0YzAiOnsiY3JlYXRlIjozNjAwMDAwMDAwMDAwLCJkZWxldGUiOjM2MDAwMDAwMDAwMDAsInJlYWQiOjMwMDAwMDAwMDAwMCwidXBkYXRlIjozNjAwMDAwMDAwMDAwfX0=",
          "dependencies": [
            "module.azure_snowflake_lariat_installation.data.azurerm_resource_group.lariat_resource_group"
          ]
        }
      ]
    },
    {
      "module": "module.azure_snowflake_lariat_installation[0]",
      "mode": "managed",
      "type": "azurerm_storage_account",
      "name": "lariat_storage_account",
      "provider": "provider[\"registry.terraform.io/hashicorp/azurerm\"]",
      "instances": [
        {
          "schema_version": 3,
          "attributes": {
            "access_tier": "Hot",
            "account_kind": "StorageV2",
            "account_replication_type": "LRS",
            "account_tier": "Standard",
            "allow_nested_items_to_be_public": true,
            "azure_files_authentication": [],
            "blob_properties": [
              {
                "change_feed_enabled": false,
                "change_feed_retention_in_days": 0,
                "container_delete_retention_policy": [],
                "cors_rule": [],
                "default_service_version": "",
                "delete_retention_policy": [],
                "last_access_time_enabled": false,
                "versioning_enabled": false
              }
            ],
            "cross_tenant_replication_enabled": true,
            "custom_domain": [],
            "customer_managed_key": [],
            "default_to_oauth_authentication": false,
            "edge_zone": "",
            "enable_https_traffic_only": true,
            "id": "/subscriptions/f99816e6-32a8-4d79-94a2-6566f97022f9/resourceGroups/lariat-resource-group/providers/Microsoft.Storage/storageAccounts/lariatstorageaccount",
            "identity": [],
            "immutability_policy": [],
            "infrastructure_encryption_enabled": false,
            "is_hns_enabled": false,
            "large_file_share_enabled": null,
            "location": "eastus2",
            "min_tls_version": "TLS1_2",
            "name": "lariatstorageaccount",
            "network_rules": [
              {
                "bypass": [
                  "AzureServices"
                ],
                "default_action": "Allow",
                "ip_rules": [],
                "private_link_access": [],
                "virtual_network_subnet_ids": []
              }
            ],
            "nfsv3_enabled": false,
            "primary_access_key": "GZtXy8kZnYCk2YsaghK98nQoNcCe6BOJKTZkHd5JHWIw24P+NGRnxXrJABIHPPmMbnBVBMWVY2y2+ASty85TOQ==",
            "primary_blob_connection_string": "DefaultEndpointsProtocol=https;BlobEndpoint=https://lariatstorageaccount.blob.core.windows.net/;AccountName=lariatstorageaccount;AccountKey=GZtXy8kZnYCk2YsaghK98nQoNcCe6BOJKTZkHd5JHWIw24P+NGRnxXrJABIHPPmMbnBVBMWVY2y2+ASty85TOQ==",
            "primary_blob_endpoint": "https://lariatstorageaccount.blob.core.windows.net/",
            "primary_blob_host": "lariatstorageaccount.blob.core.windows.net",
            "primary_connection_string": "DefaultEndpointsProtocol=https;AccountName=lariatstorageaccount;AccountKey=GZtXy8kZnYCk2YsaghK98nQoNcCe6BOJKTZkHd5JHWIw24P+NGRnxXrJABIHPPmMbnBVBMWVY2y2+ASty85TOQ==;EndpointSuffix=core.windows.net",
            "primary_dfs_endpoint": "https://lariatstorageaccount.dfs.core.windows.net/",
            "primary_dfs_host": "lariatstorageaccount.dfs.core.windows.net",
            "primary_file_endpoint": "https://lariatstorageaccount.file.core.windows.net/",
            "primary_file_host": "lariatstorageaccount.file.core.windows.net",
            "primary_location": "eastus2",
            "primary_queue_endpoint": "https://lariatstorageaccount.queue.core.windows.net/",
            "primary_queue_host": "lariatstorageaccount.queue.core.windows.net",
            "primary_table_endpoint": "https://lariatstorageaccount.table.core.windows.net/",
            "primary_table_host": "lariatstorageaccount.table.core.windows.net",
            "primary_web_endpoint": "https://lariatstorageaccount.z20.web.core.windows.net/",
            "primary_web_host": "lariatstorageaccount.z20.web.core.windows.net",
            "public_network_access_enabled": true,
            "queue_encryption_key_type": "Service",
            "queue_properties": [
              {
                "cors_rule": [],
                "hour_metrics": [
                  {
                    "enabled": true,
                    "include_apis": true,
                    "retention_policy_days": 7,
                    "version": "1.0"
                  }
                ],
                "logging": [
                  {
                    "delete": false,
                    "read": false,
                    "retention_policy_days": 0,
                    "version": "1.0",
                    "write": false
                  }
                ],
                "minute_metrics": [
                  {
                    "enabled": false,
                    "include_apis": false,
                    "retention_policy_days": 0,
                    "version": "1.0"
                  }
                ]
              }
            ],
            "resource_group_name": "lariat-resource-group",
            "routing": [],
            "secondary_access_key": "wd5Vv5rOb7N1CW8PFgeiIWj7EkQxiOEUOzkGds8KdQgL/L0GlUGYb1FSftKvng86cX5ln6sJpUTD+ASt0FdfFw==",
            "secondary_blob_connection_string": "",
            "secondary_blob_endpoint": null,
            "secondary_blob_host": null,
            "secondary_connection_string": "DefaultEndpointsProtocol=https;AccountName=lariatstorageaccount;AccountKey=wd5Vv5rOb7N1CW8PFgeiIWj7EkQxiOEUOzkGds8KdQgL/L0GlUGYb1FSftKvng86cX5ln6sJpUTD+ASt0FdfFw==;EndpointSuffix=core.windows.net",
            "secondary_dfs_endpoint": null,
            "secondary_dfs_host": null,
            "secondary_file_endpoint": null,
            "secondary_file_host": null,
            "secondary_location": "",
            "secondary_queue_endpoint": null,
            "secondary_queue_host": null,
            "secondary_table_endpoint": null,
            "secondary_table_host": null,
            "secondary_web_endpoint": null,
            "secondary_web_host": null,
            "share_properties": [
              {
                "cors_rule": [],
                "retention_policy": [
                  {
                    "days": 7
                  }
                ],
                "smb": []
              }
            ],
            "shared_access_key_enabled": true,
            "static_website": [],
            "table_encryption_key_type": "Service",
            "tags": null,
            "timeouts": null
          },
          "sensitive_attributes": [],
          "private": "eyJlMmJmYjczMC1lY2FhLTExZTYtOGY4OC0zNDM2M2JjN2M0YzAiOnsiY3JlYXRlIjozNjAwMDAwMDAwMDAwLCJkZWxldGUiOjM2MDAwMDAwMDAwMDAsInJlYWQiOjMwMDAwMDAwMDAwMCwidXBkYXRlIjozNjAwMDAwMDAwMDAwfSwic2NoZW1hX3ZlcnNpb24iOiIzIn0=",
          "dependencies": [
            "module.azure_snowflake_lariat_installation.data.azurerm_resource_group.lariat_resource_group"
          ]
        }
      ]
    },
    {
      "module": "module.azure_snowflake_lariat_installation[0]",
      "mode": "managed",
      "type": "azurerm_storage_blob",
      "name": "lariat_snowflake_agent_config",
      "provider": "provider[\"registry.terraform.io/hashicorp/azurerm\"]",
      "instances": [
        {
          "schema_version": 1,
          "attributes": {
            "access_tier": "Hot",
            "cache_control": "",
            "content_md5": "64ba5435499170c3df3be6fdfab818d8",
            "content_type": "application/octet-stream",
            "id": "https://lariatstorageaccount.blob.core.windows.net/lariat-storage-container/lariat_snowflake_agent_config.yaml",
            "metadata": {},
            "name": "lariat_snowflake_agent_config.yaml",
            "parallelism": 8,
            "size": 0,
            "source": "config/snowflake_agent.yaml",
            "source_content": null,
            "source_uri": null,
            "storage_account_name": "lariatstorageaccount",
            "storage_container_name": "lariat-storage-container",
            "timeouts": null,
            "type": "Block",
            "url": "https://lariatstorageaccount.blob.core.windows.net/lariat-storage-container/lariat_snowflake_agent_config.yaml"
          },
          "sensitive_attributes": [],
          "private": "eyJlMmJmYjczMC1lY2FhLTExZTYtOGY4OC0zNDM2M2JjN2M0YzAiOnsiY3JlYXRlIjoxODAwMDAwMDAwMDAwLCJkZWxldGUiOjE4MDAwMDAwMDAwMDAsInJlYWQiOjMwMDAwMDAwMDAwMCwidXBkYXRlIjoxODAwMDAwMDAwMDAwfSwic2NoZW1hX3ZlcnNpb24iOiIxIn0=",
          "dependencies": [
            "module.azure_snowflake_lariat_installation.azurerm_storage_account.lariat_storage_account",
            "module.azure_snowflake_lariat_installation.azurerm_storage_container.lariat_storage_container",
            "module.azure_snowflake_lariat_installation.data.azurerm_resource_group.lariat_resource_group"
          ]
        }
      ]
    },
    {
      "module": "module.azure_snowflake_lariat_installation[0]",
      "mode": "managed",
      "type": "azurerm_storage_container",
      "name": "lariat_storage_container",
      "provider": "provider[\"registry.terraform.io/hashicorp/azurerm\"]",
      "instances": [
        {
          "schema_version": 1,
          "attributes": {
            "container_access_type": "private",
            "has_immutability_policy": false,
            "has_legal_hold": false,
            "id": "https://lariatstorageaccount.blob.core.windows.net/lariat-storage-container",
            "metadata": {},
            "name": "lariat-storage-container",
            "resource_manager_id": "/subscriptions/f99816e6-32a8-4d79-94a2-6566f97022f9/resourceGroups/lariat-resource-group/providers/Microsoft.Storage/storageAccounts/lariatstorageaccount/blobServices/default/containers/lariat-storage-container",
            "storage_account_name": "lariatstorageaccount",
            "timeouts": null
          },
          "sensitive_attributes": [],
          "private": "eyJlMmJmYjczMC1lY2FhLTExZTYtOGY4OC0zNDM2M2JjN2M0YzAiOnsiY3JlYXRlIjoxODAwMDAwMDAwMDAwLCJkZWxldGUiOjE4MDAwMDAwMDAwMDAsInJlYWQiOjMwMDAwMDAwMDAwMCwidXBkYXRlIjoxODAwMDAwMDAwMDAwfSwic2NoZW1hX3ZlcnNpb24iOiIxIn0=",
          "dependencies": [
            "module.azure_snowflake_lariat_installation.azurerm_storage_account.lariat_storage_account",
            "module.azure_snowflake_lariat_installation.data.azurerm_resource_group.lariat_resource_group"
          ]
        }
      ]
    }
  ],
  "check_results": []
}
