{
  "version": 4,
  "terraform_version": "1.3.3",
  "serial": 977,
  "lineage": "cb99d32b-f28f-c250-9852-ec034cd30c6a",
  "outputs": {
    "lariat_snowflake_user_password": {
      "value": "c7%jPupUJI6{tq2O",
      "type": "string",
      "sensitive": true
    }
  },
  "resources": [
    {
      "mode": "managed",
      "type": "random_password",
      "name": "lariat_snowflake_user_password",
      "provider": "provider[\"registry.terraform.io/hashicorp/random\"]",
      "instances": [
        {
          "schema_version": 3,
          "attributes": {
            "bcrypt_hash": "$2a$10$.gAQvNWl9o1uqEEyIf03du9Zd1o87ljuBxBP7U6G5izTjnRjqkc9i",
            "id": "none",
            "keepers": null,
            "length": 16,
            "lower": true,
            "min_lower": 0,
            "min_numeric": 0,
            "min_special": 0,
            "min_upper": 0,
            "number": true,
            "numeric": true,
            "override_special": "!#$%\u0026*()-_=+[]{}\u003c\u003e:?",
            "result": "c7%jPupUJI6{tq2O",
            "special": true,
            "upper": true
          },
          "sensitive_attributes": []
        }
      ]
    },
    {
      "mode": "managed",
      "type": "snowflake_database",
      "name": "lariat_meta_database",
      "provider": "provider[\"registry.terraform.io/snowflake-labs/snowflake\"]",
      "instances": [
        {
          "schema_version": 0,
          "attributes": {
            "comment": "",
            "data_retention_time_in_days": 1,
            "from_database": null,
            "from_replica": null,
            "from_share": null,
            "id": "lariat_meta_db_5ac4",
            "is_transient": false,
            "name": "lariat_meta_db_5ac4",
            "replication_configuration": [],
            "tag": []
          },
          "sensitive_attributes": [],
          "private": "eyJzY2hlbWFfdmVyc2lvbiI6IjAifQ=="
        }
      ]
    },
    {
      "mode": "managed",
      "type": "snowflake_database_grant",
      "name": "lariat_meta_db_grant",
      "provider": "provider[\"registry.terraform.io/snowflake-labs/snowflake\"]",
      "instances": [
        {
          "schema_version": 0,
          "attributes": {
            "database_name": "lariat_meta_db",
            "enable_multiple_grants": false,
            "id": "lariat_meta_db|||USAGE|lariat_snowflake_role|false",
            "privilege": "USAGE",
            "roles": [
              "lariat_snowflake_role"
            ],
            "shares": null,
            "with_grant_option": false
          },
          "sensitive_attributes": [],
          "private": "bnVsbA==",
          "dependencies": [
            "snowflake_database.lariat_meta_database",
            "snowflake_role.lariat_snowflake_role"
          ]
        }
      ]
    },
    {
      "mode": "managed",
      "type": "snowflake_role",
      "name": "lariat_snowflake_role",
      "provider": "provider[\"registry.terraform.io/snowflake-labs/snowflake\"]",
      "instances": [
        {
          "schema_version": 0,
          "attributes": {
            "comment": "role for running lariat monitoring queries",
            "id": "lariat_snowflake_role",
            "name": "lariat_snowflake_role",
            "tag": []
          },
          "sensitive_attributes": [],
          "private": "bnVsbA=="
        }
      ]
    },
    {
      "mode": "managed",
      "type": "snowflake_role_grants",
      "name": "lariat_snowflake_grants",
      "provider": "provider[\"registry.terraform.io/snowflake-labs/snowflake\"]",
      "instances": [
        {
          "schema_version": 0,
          "attributes": {
            "enable_multiple_grants": false,
            "id": "lariat_snowflake_role|||||false",
            "role_name": "lariat_snowflake_role",
            "roles": [],
            "users": [
              "lariat_snowflake_user"
            ]
          },
          "sensitive_attributes": [],
          "private": "bnVsbA==",
          "dependencies": [
            "random_password.lariat_snowflake_user_password",
            "snowflake_role.lariat_snowflake_role",
            "snowflake_user.lariat_snowflake_user",
            "snowflake_warehouse.lariat_snowflake_warehouse"
          ]
        }
      ]
    },
    {
      "mode": "managed",
      "type": "snowflake_schema",
      "name": "lariat_meta_db_schema",
      "provider": "provider[\"registry.terraform.io/snowflake-labs/snowflake\"]",
      "instances": [
        {
          "schema_version": 0,
          "attributes": {
            "comment": "",
            "data_retention_days": 1,
            "database": "lariat_meta_db",
            "id": "lariat_meta_db|lariat",
            "is_managed": false,
            "is_transient": false,
            "name": "lariat",
            "tag": []
          },
          "sensitive_attributes": [],
          "private": "bnVsbA==",
          "dependencies": [
            "snowflake_database.lariat_meta_database"
          ]
        }
      ]
    },
    {
      "mode": "managed",
      "type": "snowflake_schema_grant",
      "name": "lariat_meta_schema_grant",
      "provider": "provider[\"registry.terraform.io/snowflake-labs/snowflake\"]",
      "instances": [
        {
          "schema_version": 0,
          "attributes": {
            "database_name": "lariat_meta_db",
            "enable_multiple_grants": false,
            "id": "lariat_meta_db|lariat||USAGE|lariat_snowflake_role|false",
            "on_future": false,
            "privilege": "USAGE",
            "roles": [
              "lariat_snowflake_role"
            ],
            "schema_name": "lariat",
            "shares": [],
            "with_grant_option": false
          },
          "sensitive_attributes": [],
          "private": "bnVsbA==",
          "dependencies": [
            "snowflake_database.lariat_meta_database",
            "snowflake_role.lariat_snowflake_role",
            "snowflake_schema.lariat_meta_db_schema"
          ]
        }
      ]
    },
    {
      "mode": "managed",
      "type": "snowflake_user",
      "name": "lariat_snowflake_user",
      "provider": "provider[\"registry.terraform.io/snowflake-labs/snowflake\"]",
      "instances": [
        {
          "schema_version": 0,
          "attributes": {
            "comment": "user for running lariat monitoring queries",
            "default_namespace": "",
            "default_role": "lariat_snowflake_role",
            "default_secondary_roles": [],
            "default_warehouse": "lariat_snowflake_warehouse",
            "disabled": false,
            "display_name": "lariat_snowflake_user",
            "email": "",
            "first_name": "",
            "has_rsa_public_key": false,
            "id": "lariat_snowflake_user",
            "last_name": "",
            "login_name": "LARIAT_SNOWFLAKE_USER",
            "must_change_password": null,
            "name": "lariat_snowflake_user",
            "password": "c7%jPupUJI6{tq2O",
            "rsa_public_key": null,
            "rsa_public_key_2": null,
            "tag": []
          },
          "sensitive_attributes": [
            [
              {
                "type": "get_attr",
                "value": "password"
              }
            ]
          ],
          "private": "bnVsbA==",
          "dependencies": [
            "random_password.lariat_snowflake_user_password",
            "snowflake_role.lariat_snowflake_role",
            "snowflake_warehouse.lariat_snowflake_warehouse"
          ]
        }
      ]
    },
    {
      "mode": "managed",
      "type": "snowflake_warehouse",
      "name": "lariat_snowflake_warehouse",
      "provider": "provider[\"registry.terraform.io/snowflake-labs/snowflake\"]",
      "instances": [
        {
          "schema_version": 0,
          "attributes": {
            "auto_resume": true,
            "auto_suspend": 60,
            "comment": "warehouse for running lariat monitoring queries",
            "id": "lariat_snowflake_warehouse_4a2b",
            "initially_suspended": null,
            "max_cluster_count": 0,
            "max_concurrency_level": 8,
            "min_cluster_count": 0,
            "name": "lariat_snowflake_warehouse_4a2b",
            "resource_monitor": "null",
            "scaling_policy": "",
            "statement_queued_timeout_in_seconds": 0,
            "statement_timeout_in_seconds": 172800,
            "tag": [],
            "wait_for_provisioning": null,
            "warehouse_size": "X-Small"
          },
          "sensitive_attributes": [],
          "private": "eyJzY2hlbWFfdmVyc2lvbiI6IjAifQ=="
        }
      ]
    },
    {
      "mode": "managed",
      "type": "snowflake_warehouse_grant",
      "name": "lariat_snowflake_warehouse_grant_monitor",
      "provider": "provider[\"registry.terraform.io/snowflake-labs/snowflake\"]",
      "instances": [
        {
          "schema_version": 0,
          "attributes": {
            "enable_multiple_grants": false,
            "id": "lariat_snowflake_warehouse|||MONITOR|lariat_snowflake_role|false",
            "privilege": "MONITOR",
            "roles": [
              "lariat_snowflake_role"
            ],
            "warehouse_name": "lariat_snowflake_warehouse",
            "with_grant_option": false
          },
          "sensitive_attributes": [],
          "private": "bnVsbA==",
          "dependencies": [
            "snowflake_role.lariat_snowflake_role",
            "snowflake_warehouse.lariat_snowflake_warehouse"
          ]
        }
      ]
    },
    {
      "mode": "managed",
      "type": "snowflake_warehouse_grant",
      "name": "lariat_snowflake_warehouse_grant_operate",
      "provider": "provider[\"registry.terraform.io/snowflake-labs/snowflake\"]",
      "instances": [
        {
          "schema_version": 0,
          "attributes": {
            "enable_multiple_grants": false,
            "id": "lariat_snowflake_warehouse|||OPERATE|lariat_snowflake_role|false",
            "privilege": "OPERATE",
            "roles": [
              "lariat_snowflake_role"
            ],
            "warehouse_name": "lariat_snowflake_warehouse",
            "with_grant_option": false
          },
          "sensitive_attributes": [],
          "private": "bnVsbA==",
          "dependencies": [
            "snowflake_role.lariat_snowflake_role",
            "snowflake_warehouse.lariat_snowflake_warehouse"
          ]
        }
      ]
    },
    {
      "mode": "managed",
      "type": "snowflake_warehouse_grant",
      "name": "lariat_snowflake_warehouse_grant_usage",
      "provider": "provider[\"registry.terraform.io/snowflake-labs/snowflake\"]",
      "instances": [
        {
          "schema_version": 0,
          "attributes": {
            "enable_multiple_grants": false,
            "id": "lariat_snowflake_warehouse|||USAGE|lariat_snowflake_role|false",
            "privilege": "USAGE",
            "roles": [
              "lariat_snowflake_role"
            ],
            "warehouse_name": "lariat_snowflake_warehouse",
            "with_grant_option": false
          },
          "sensitive_attributes": [],
          "private": "bnVsbA==",
          "dependencies": [
            "snowflake_role.lariat_snowflake_role",
            "snowflake_warehouse.lariat_snowflake_warehouse"
          ]
        }
      ]
    },
    {
      "mode": "managed",
      "type": "snowsql_exec",
      "name": "lariat_read_only_grants",
      "provider": "provider[\"registry.terraform.io/aidanmelen/snowsql\"]",
      "instances": [
        {
          "index_key": "LARIAT_SNOWFLAKE_TEST",
          "schema_version": 0,
          "attributes": {
            "create": [
              {
                "number_of_statements": -1,
                "statements": "GRANT USAGE ON DATABASE LARIAT_SNOWFLAKE_TEST TO ROLE \"lariat_snowflake_role\";\nGRANT USAGE ON ALL SCHEMAS IN DATABASE LARIAT_SNOWFLAKE_TEST TO ROLE \"lariat_snowflake_role\";\nGRANT SELECT ON ALL TABLES IN DATABASE LARIAT_SNOWFLAKE_TEST TO ROLE \"lariat_snowflake_role\";\nGRANT SELECT ON FUTURE TABLES IN DATABASE LARIAT_SNOWFLAKE_TEST TO ROLE \"lariat_snowflake_role\";\n"
              }
            ],
            "delete": [
              {
                "number_of_statements": -1,
                "statements": "REVOKE USAGE ON DATABASE LARIAT_SNOWFLAKE_TEST FROM ROLE \"lariat_snowflake_role\";\nREVOKE USAGE ON ALL SCHEMAS IN DATABASE LARIAT_SNOWFLAKE_TEST FROM ROLE \"lariat_snowflake_role\";\nREVOKE ALL PRIVILEGES ON ALL TABLES IN DATABASE LARIAT_SNOWFLAKE_TEST FROM ROLE \"lariat_snowflake_role\";\nREVOKE ALL PRIVILEGES ON FUTURE TABLES IN DATABASE LARIAT_SNOWFLAKE_TEST FROM ROLE \"lariat_snowflake_role\";\n"
              }
            ],
            "id": "lariat-read-only-grants-LARIAT_SNOWFLAKE_TEST",
            "name": "lariat-read-only-grants-LARIAT_SNOWFLAKE_TEST"
          },
          "sensitive_attributes": [],
          "private": "bnVsbA==",
          "dependencies": [
            "random_password.lariat_snowflake_user_password",
            "snowflake_role.lariat_snowflake_role",
            "snowflake_role_grants.lariat_snowflake_grants",
            "snowflake_user.lariat_snowflake_user",
            "snowflake_warehouse.lariat_snowflake_warehouse"
          ]
        },
        {
          "index_key": "LARIAT_SNOWFLAKE_TEST_2",
          "schema_version": 0,
          "attributes": {
            "create": [
              {
                "number_of_statements": -1,
                "statements": "GRANT USAGE ON DATABASE LARIAT_SNOWFLAKE_TEST_2 TO ROLE \"lariat_snowflake_role\";\nGRANT USAGE ON ALL SCHEMAS IN DATABASE LARIAT_SNOWFLAKE_TEST_2 TO ROLE \"lariat_snowflake_role\";\nGRANT SELECT ON ALL TABLES IN DATABASE LARIAT_SNOWFLAKE_TEST_2 TO ROLE \"lariat_snowflake_role\";\nGRANT SELECT ON FUTURE TABLES IN DATABASE LARIAT_SNOWFLAKE_TEST_2 TO ROLE \"lariat_snowflake_role\";\n"
              }
            ],
            "delete": [
              {
                "number_of_statements": -1,
                "statements": "REVOKE USAGE ON DATABASE LARIAT_SNOWFLAKE_TEST_2 FROM ROLE \"lariat_snowflake_role\";\nREVOKE USAGE ON ALL SCHEMAS IN DATABASE LARIAT_SNOWFLAKE_TEST_2 FROM ROLE \"lariat_snowflake_role\";\nREVOKE ALL PRIVILEGES ON ALL TABLES IN DATABASE LARIAT_SNOWFLAKE_TEST_2 FROM ROLE \"lariat_snowflake_role\";\nREVOKE ALL PRIVILEGES ON FUTURE TABLES IN DATABASE LARIAT_SNOWFLAKE_TEST_2 FROM ROLE \"lariat_snowflake_role\";\n"
              }
            ],
            "id": "lariat-read-only-grants-LARIAT_SNOWFLAKE_TEST_2",
            "name": "lariat-read-only-grants-LARIAT_SNOWFLAKE_TEST_2"
          },
          "sensitive_attributes": [],
          "private": "bnVsbA==",
          "dependencies": [
            "random_password.lariat_snowflake_user_password",
            "snowflake_role.lariat_snowflake_role",
            "snowflake_role_grants.lariat_snowflake_grants",
            "snowflake_user.lariat_snowflake_user",
            "snowflake_warehouse.lariat_snowflake_warehouse"
          ]
        },
        {
          "index_key": "LARIAT_SNOWFLAKE_TEST_3",
          "schema_version": 0,
          "attributes": {
            "create": [
              {
                "number_of_statements": -1,
                "statements": "GRANT USAGE ON DATABASE LARIAT_SNOWFLAKE_TEST_3 TO ROLE \"lariat_snowflake_role\";\nGRANT USAGE ON ALL SCHEMAS IN DATABASE LARIAT_SNOWFLAKE_TEST_3 TO ROLE \"lariat_snowflake_role\";\nGRANT SELECT ON ALL TABLES IN DATABASE LARIAT_SNOWFLAKE_TEST_3 TO ROLE \"lariat_snowflake_role\";\nGRANT SELECT ON FUTURE TABLES IN DATABASE LARIAT_SNOWFLAKE_TEST_3 TO ROLE \"lariat_snowflake_role\";\n"
              }
            ],
            "delete": [
              {
                "number_of_statements": -1,
                "statements": "REVOKE USAGE ON DATABASE LARIAT_SNOWFLAKE_TEST_3 FROM ROLE \"lariat_snowflake_role\";\nREVOKE USAGE ON ALL SCHEMAS IN DATABASE LARIAT_SNOWFLAKE_TEST_3 FROM ROLE \"lariat_snowflake_role\";\nREVOKE ALL PRIVILEGES ON ALL TABLES IN DATABASE LARIAT_SNOWFLAKE_TEST_3 FROM ROLE \"lariat_snowflake_role\";\nREVOKE ALL PRIVILEGES ON FUTURE TABLES IN DATABASE LARIAT_SNOWFLAKE_TEST_3 FROM ROLE \"lariat_snowflake_role\";\n"
              }
            ],
            "id": "lariat-read-only-grants-LARIAT_SNOWFLAKE_TEST_3",
            "name": "lariat-read-only-grants-LARIAT_SNOWFLAKE_TEST_3"
          },
          "sensitive_attributes": [],
          "private": "bnVsbA==",
          "dependencies": [
            "random_password.lariat_snowflake_user_password",
            "snowflake_role.lariat_snowflake_role",
            "snowflake_role_grants.lariat_snowflake_grants",
            "snowflake_user.lariat_snowflake_user",
            "snowflake_warehouse.lariat_snowflake_warehouse"
          ]
        }
      ]
    },
    {
      "mode": "managed",
      "type": "snowsql_exec",
      "name": "lariat_snowflake_sketch_udf_create",
      "provider": "provider[\"registry.terraform.io/aidanmelen/snowsql\"]",
      "instances": [
        {
          "schema_version": 0,
          "attributes": {
            "create": [
              {
                "number_of_statements": -1,
                "statements": "USE DATABASE \"lariat_meta_db\";\nUSE SCHEMA \"lariat\";\ncreate or replace function hllpp_count_strings_sketch(x string)\nreturns table(sketch binary)\nlanguage java\nimports = ('@lariat_stage/agent-udfs-0.1-SNAPSHOT-jar-with-dependencies.jar')\nhandler='com.lariat.agentudfs.HLPPCountStringsSketch';\ncreate or replace function hll_merge(x array)\nreturns binary\nlanguage java\nimports = ('@lariat_stage/agent-udfs-0.1-SNAPSHOT-jar-with-dependencies.jar')\nhandler='com.lariat.agentudfs.HLPPMerge.merge';\nGRANT USAGE ON FUNCTION hllpp_count_strings_sketch(string) TO ROLE \"lariat_snowflake_role\";\nGRANT USAGE ON FUNCTION hll_merge(array) TO ROLE \"lariat_snowflake_role\";\n"
              }
            ],
            "delete": [
              {
                "number_of_statements": -1,
                "statements": "USE DATABASE \"lariat_meta_db\";\nUSE SCHEMA \"lariat\";\nDROP FUNCTION IF EXISTS hllpp_count_strings_sketch(string);\nDROP FUNCTION IF EXISTS hll_merge(array);\n"
              }
            ],
            "id": "lariat-snowflake-sketch-udf-function",
            "name": "lariat-snowflake-sketch-udf-function"
          },
          "sensitive_attributes": [],
          "private": "bnVsbA==",
          "dependencies": [
            "snowflake_database.lariat_meta_database",
            "snowflake_role.lariat_snowflake_role",
            "snowflake_schema.lariat_meta_db_schema",
            "snowsql_exec.lariat_snowflake_sketch_udf_import",
            "snowsql_exec.lariat_snowflake_stage"
          ]
        }
      ]
    },
    {
      "mode": "managed",
      "type": "snowsql_exec",
      "name": "lariat_snowflake_sketch_udf_import",
      "provider": "provider[\"registry.terraform.io/aidanmelen/snowsql\"]",
      "instances": [
        {
          "schema_version": 0,
          "attributes": {
            "create": [
              {
                "number_of_statements": -1,
                "statements": "put 'file:///Users/aadityatalwai/workspace/terraform-lariat-snowflake-agent/artifacts/java/agent-udfs-0.1-SNAPSHOT-jar-with-dependencies.jar' @\"lariat_meta_db\".\"lariat\".lariat_stage auto_compress=false OVERWRITE=true;\n"
              }
            ],
            "delete": [
              {
                "number_of_statements": -1,
                "statements": "USE DATABASE \"lariat_meta_db\";\nUSE SCHEMA \"lariat\";\nrm @lariat_stage pattern='.*agent-udfs-0.1-SNAPSHOT-jar-with-dependencies.jar.*';\n"
              }
            ],
            "id": "lariat-snowflake-sketch-udf-import",
            "name": "lariat-snowflake-sketch-udf-import"
          },
          "sensitive_attributes": [],
          "private": "bnVsbA==",
          "dependencies": [
            "snowflake_database.lariat_meta_database",
            "snowflake_role.lariat_snowflake_role",
            "snowflake_schema.lariat_meta_db_schema",
            "snowsql_exec.lariat_snowflake_stage"
          ]
        }
      ]
    },
    {
      "mode": "managed",
      "type": "snowsql_exec",
      "name": "lariat_snowflake_stage",
      "provider": "provider[\"registry.terraform.io/aidanmelen/snowsql\"]",
      "instances": [
        {
          "schema_version": 0,
          "attributes": {
            "create": [
              {
                "number_of_statements": -1,
                "statements": "USE DATABASE \"lariat_meta_db\";\nUSE SCHEMA \"lariat\";\nCREATE OR REPLACE STAGE lariat_stage;\n\nGRANT READ ON STAGE lariat_stage TO ROLE \"lariat_snowflake_role\";\n"
              }
            ],
            "delete": [
              {
                "number_of_statements": -1,
                "statements": "USE DATABASE \"lariat_meta_db\";\nUSE SCHEMA \"lariat\";\nDROP STAGE IF EXISTS lariat_stage;\n"
              }
            ],
            "id": "lariat-snowflake-stage",
            "name": "lariat-snowflake-stage"
          },
          "sensitive_attributes": [],
          "private": "bnVsbA==",
          "dependencies": [
            "snowflake_database.lariat_meta_database",
            "snowflake_role.lariat_snowflake_role",
            "snowflake_schema.lariat_meta_db_schema"
          ]
        }
      ]
    },
    {
      "module": "module.aws_snowflake_lariat_installation[0]",
      "mode": "data",
      "type": "aws_caller_identity",
      "name": "current",
      "provider": "provider[\"registry.terraform.io/hashicorp/aws\"]",
      "instances": [
        {
          "schema_version": 0,
          "attributes": {
            "account_id": "358681817243",
            "arn": "arn:aws:iam::358681817243:user/aaditya",
            "id": "358681817243",
            "user_id": "AIDAVHAY2GCNUG5L6UJ7H"
          },
          "sensitive_attributes": []
        }
      ]
    },
    {
      "module": "module.aws_snowflake_lariat_installation[0]",
      "mode": "data",
      "type": "aws_iam_policy_document",
      "name": "lambda-assume-role-policy",
      "provider": "provider[\"registry.terraform.io/hashicorp/aws\"]",
      "instances": [
        {
          "schema_version": 0,
          "attributes": {
            "id": "3693445097",
            "json": "{\n  \"Version\": \"2012-10-17\",\n  \"Statement\": [\n    {\n      \"Sid\": \"\",\n      \"Effect\": \"Allow\",\n      \"Action\": \"sts:AssumeRole\",\n      \"Principal\": {\n        \"Service\": \"lambda.amazonaws.com\"\n      }\n    }\n  ]\n}",
            "override_json": null,
            "override_policy_documents": null,
            "policy_id": null,
            "source_json": null,
            "source_policy_documents": null,
            "statement": [
              {
                "actions": [
                  "sts:AssumeRole"
                ],
                "condition": [],
                "effect": "Allow",
                "not_actions": [],
                "not_principals": [],
                "not_resources": [],
                "principals": [
                  {
                    "identifiers": [
                      "lambda.amazonaws.com"
                    ],
                    "type": "Service"
                  }
                ],
                "resources": [],
                "sid": ""
              }
            ],
            "version": "2012-10-17"
          },
          "sensitive_attributes": []
        }
      ]
    },
    {
      "module": "module.aws_snowflake_lariat_installation[0]",
      "mode": "data",
      "type": "aws_iam_policy_document",
      "name": "lariat_snowflake_agent_repository_policy",
      "provider": "provider[\"registry.terraform.io/hashicorp/aws\"]",
      "instances": [
        {
          "schema_version": 0,
          "attributes": {
            "id": "1174767196",
            "json": "{\n  \"Version\": \"2012-10-17\",\n  \"Statement\": [\n    {\n      \"Sid\": \"\",\n      \"Effect\": \"Allow\",\n      \"Action\": [\n        \"ecr:UploadLayerPart\",\n        \"ecr:SetRepositoryPolicy\",\n        \"ecr:PutImage\",\n        \"ecr:ListImages\",\n        \"ecr:InitiateLayerUpload\",\n        \"ecr:GetRepositoryPolicy\",\n        \"ecr:GetDownloadUrlForLayer\",\n        \"ecr:DescribeRepositories\",\n        \"ecr:DeleteRepositoryPolicy\",\n        \"ecr:DeleteRepository\",\n        \"ecr:CompleteLayerUpload\",\n        \"ecr:BatchGetImage\",\n        \"ecr:BatchDeleteImage\",\n        \"ecr:BatchCheckLayerAvailability\"\n      ],\n      \"Principal\": {\n        \"Service\": \"lambda.amazonaws.com\"\n      }\n    }\n  ]\n}",
            "override_json": null,
            "override_policy_documents": null,
            "policy_id": null,
            "source_json": null,
            "source_policy_documents": null,
            "statement": [
              {
                "actions": [
                  "ecr:BatchCheckLayerAvailability",
                  "ecr:BatchDeleteImage",
                  "ecr:BatchGetImage",
                  "ecr:CompleteLayerUpload",
                  "ecr:DeleteRepository",
                  "ecr:DeleteRepositoryPolicy",
                  "ecr:DescribeRepositories",
                  "ecr:GetDownloadUrlForLayer",
                  "ecr:GetRepositoryPolicy",
                  "ecr:InitiateLayerUpload",
                  "ecr:ListImages",
                  "ecr:PutImage",
                  "ecr:SetRepositoryPolicy",
                  "ecr:UploadLayerPart"
                ],
                "condition": [],
                "effect": "Allow",
                "not_actions": [],
                "not_principals": [],
                "not_resources": [],
                "principals": [
                  {
                    "identifiers": [
                      "lambda.amazonaws.com"
                    ],
                    "type": "Service"
                  }
                ],
                "resources": [],
                "sid": ""
              }
            ],
            "version": "2012-10-17"
          },
          "sensitive_attributes": []
        }
      ]
    }
  ],
  "check_results": null
}
